{
  "requires": true,
  "lockfileVersion": 1,
  "dependencies": {
    "bootstrap": {
      "version": "3.3.7",
      "resolved": "https://registry.npmjs.org/bootstrap/-/bootstrap-3.3.7.tgz",
      "integrity": "sha1-WjiTlFSfIzMIdaOxUGVldPip63E="
    },
    "chosen-js": {
      "version": "1.8.5",
      "resolved": "https://registry.npmjs.org/chosen-js/-/chosen-js-1.8.5.tgz",
      "integrity": "sha512-XkFqu0N5O5SbUWh/J4gcB7wOPBLMZbLibWryYmrCRfILUNQEIZwdoN8BZUkUoANmVa9aRs4mTSiDeRy4/eUWqg=="
    },
    "js-cookie": {
      "version": "2.2.0",
      "resolved": "https://registry.npmjs.org/js-cookie/-/js-cookie-2.2.0.tgz",
      "integrity": "sha1-Gywnmm7s44ChIWi5JIUmWzWx7/s="
    }
  }
}
